
Microsoft Visual Studio Solution File, Format Version 12.00
Project("{FAE04EC0-301F-11D3-BF4B-00C04F79EFBC}") = "ArmLancer.API", "ArmLancer.API\ArmLancer.API.csproj", "{AC004B2E-C1E1-4E3D-8850-C0D7699A3B45}"
EndProject
Project("{FAE04EC0-301F-11D3-BF4B-00C04F79EFBC}") = "ArmLancer.Data", "ArmLancer.Data\ArmLancer.Data.csproj", "{CF69D2F4-4B5E-4C87-B271-222B92F00A81}"
EndProject
Project("{FAE04EC0-301F-11D3-BF4B-00C04F79EFBC}") = "ArmLancer.UnitTest", "ArmLancer.UnitTest\ArmLancer.UnitTest.csproj", "{171304B4-DE63-4503-B218-49425A9D84F7}"
EndProject
Project("{FAE04EC0-301F-11D3-BF4B-00C04F79EFBC}") = "ArmLancer.Core", "ArmLancer.Core\ArmLancer.Core.csproj", "{71FB693A-C01F-447F-B1A2-B99B3811C463}"
EndProject
Global
	GlobalSection(SolutionConfigurationPlatforms) = preSolution
		Debug|Any CPU = Debug|Any CPU
		Release|Any CPU = Release|Any CPU
	EndGlobalSection
	GlobalSection(ProjectConfigurationPlatforms) = postSolution
		{AC004B2E-C1E1-4E3D-8850-C0D7699A3B45}.Debug|Any CPU.ActiveCfg = Debug|Any CPU
		{AC004B2E-C1E1-4E3D-8850-C0D7699A3B45}.Debug|Any CPU.Build.0 = Debug|Any CPU
		{AC004B2E-C1E1-4E3D-8850-C0D7699A3B45}.Release|Any CPU.ActiveCfg = Release|Any CPU
		{AC004B2E-C1E1-4E3D-8850-C0D7699A3B45}.Release|Any CPU.Build.0 = Release|Any CPU
		{CF69D2F4-4B5E-4C87-B271-222B92F00A81}.Debug|Any CPU.ActiveCfg = Debug|Any CPU
		{CF69D2F4-4B5E-4C87-B271-222B92F00A81}.Debug|Any CPU.Build.0 = Debug|Any CPU
		{CF69D2F4-4B5E-4C87-B271-222B92F00A81}.Release|Any CPU.ActiveCfg = Release|Any CPU
		{CF69D2F4-4B5E-4C87-B271-222B92F00A81}.Release|Any CPU.Build.0 = Release|Any CPU
		{171304B4-DE63-4503-B218-49425A9D84F7}.Debug|Any CPU.ActiveCfg = Debug|Any CPU
		{171304B4-DE63-4503-B218-49425A9D84F7}.Debug|Any CPU.Build.0 = Debug|Any CPU
		{171304B4-DE63-4503-B218-49425A9D84F7}.Release|Any CPU.ActiveCfg = Release|Any CPU
		{171304B4-DE63-4503-B218-49425A9D84F7}.Release|Any CPU.Build.0 = Release|Any CPU
		{71FB693A-C01F-447F-B1A2-B99B3811C463}.Debug|Any CPU.ActiveCfg = Debug|Any CPU
		{71FB693A-C01F-447F-B1A2-B99B3811C463}.Debug|Any CPU.Build.0 = Debug|Any CPU
		{71FB693A-C01F-447F-B1A2-B99B3811C463}.Release|Any CPU.ActiveCfg = Release|Any CPU
		{71FB693A-C01F-447F-B1A2-B99B3811C463}.Release|Any CPU.Build.0 = Release|Any CPU
	EndGlobalSection
EndGlobal
